
Microsoft Visual Studio Solution File, Format Version 12.00
# Visual Studio Version 17
VisualStudioVersion = 17.9.34723.18
MinimumVisualStudioVersion = 10.0.40219.1
Project("{FAE04EC0-301F-11D3-BF4B-00C04F79EFBC}") = "ApiUsuarios]", "ApiUsuarios]\ApiUsuarios].csproj", "{4D6FD468-3798-4E2D-AC1B-B6E0B884100A}"
EndProject
Project("{FAE04EC0-301F-11D3-BF4B-00C04F79EFBC}") = "MVCUsuarios", "MVCUsuarios\MVCUsuarios.csproj", "{1155C0CD-AD48-42F6-A800-0E2F1F7B7897}"
	ProjectSection(ProjectDependencies) = postProject
		{4D6FD468-3798-4E2D-AC1B-B6E0B884100A} = {4D6FD468-3798-4E2D-AC1B-B6E0B884100A}
	EndProjectSection
EndProject
Global
	GlobalSection(SolutionConfigurationPlatforms) = preSolution
		Debug|Any CPU = Debug|Any CPU
		Release|Any CPU = Release|Any CPU
	EndGlobalSection
	GlobalSection(ProjectConfigurationPlatforms) = postSolution
		{4D6FD468-3798-4E2D-AC1B-B6E0B884100A}.Debug|Any CPU.ActiveCfg = Debug|Any CPU
		{4D6FD468-3798-4E2D-AC1B-B6E0B884100A}.Debug|Any CPU.Build.0 = Debug|Any CPU
		{4D6FD468-3798-4E2D-AC1B-B6E0B884100A}.Release|Any CPU.ActiveCfg = Release|Any CPU
		{4D6FD468-3798-4E2D-AC1B-B6E0B884100A}.Release|Any CPU.Build.0 = Release|Any CPU
		{1155C0CD-AD48-42F6-A800-0E2F1F7B7897}.Debug|Any CPU.ActiveCfg = Debug|Any CPU
		{1155C0CD-AD48-42F6-A800-0E2F1F7B7897}.Debug|Any CPU.Build.0 = Debug|Any CPU
		{1155C0CD-AD48-42F6-A800-0E2F1F7B7897}.Release|Any CPU.ActiveCfg = Release|Any CPU
		{1155C0CD-AD48-42F6-A800-0E2F1F7B7897}.Release|Any CPU.Build.0 = Release|Any CPU
	EndGlobalSection
	GlobalSection(SolutionProperties) = preSolution
		HideSolutionNode = FALSE
	EndGlobalSection
	GlobalSection(ExtensibilityGlobals) = postSolution
		SolutionGuid = {C24789BF-8AB9-4BF5-B961-991EA8669430}
	EndGlobalSection
EndGlobal
